// !$*UTF8*$!
{
	archiveVersion = 1;
	classes = {
	};
	objectVersion = 50;
	objects = {

/* Begin PBXBuildFile section */
		27043516208B27A300DC0C55 /* AppDelegate.swift in Sources */ = {isa = PBXBuildFile; fileRef = 27043515208B27A300DC0C55 /* AppDelegate.swift */; };
		27043518208B27A300DC0C55 /* ViewController.swift in Sources */ = {isa = PBXBuildFile; fileRef = 27043517208B27A300DC0C55 /* ViewController.swift */; };
		2704351B208B27A300DC0C55 /* Main.storyboard in Resources */ = {isa = PBXBuildFile; fileRef = 27043519208B27A300DC0C55 /* Main.storyboard */; };
		2704351D208B27A400DC0C55 /* Assets.xcassets in Resources */ = {isa = PBXBuildFile; fileRef = 2704351C208B27A400DC0C55 /* Assets.xcassets */; };
		27043520208B27A400DC0C55 /* LaunchScreen.storyboard in Resources */ = {isa = PBXBuildFile; fileRef = 2704351E208B27A400DC0C55 /* LaunchScreen.storyboard */; };
		2704352B208B27A400DC0C55 /* OffsiteTestTests.swift in Sources */ = {isa = PBXBuildFile; fileRef = 2704352A208B27A400DC0C55 /* OffsiteTestTests.swift */; };
		27043536208B27A400DC0C55 /* OffsiteTestUITests.swift in Sources */ = {isa = PBXBuildFile; fileRef = 27043535208B27A400DC0C55 /* OffsiteTestUITests.swift */; };
/* End PBXBuildFile section */

/* Begin PBXContainerItemProxy section */
		27043527208B27A400DC0C55 /* PBXContainerItemProxy */ = {
			isa = PBXContainerItemProxy;
			containerPortal = 2704350A208B27A300DC0C55 /* Project object */;
			proxyType = 1;
			remoteGlobalIDString = 27043511208B27A300DC0C55;
			remoteInfo = OffsiteTest;
		};
		27043532208B27A400DC0C55 /* PBXContainerItemProxy */ = {
			isa = PBXContainerItemProxy;
			containerPortal = 2704350A208B27A300DC0C55 /* Project object */;
			proxyType = 1;
			remoteGlobalIDString = 27043511208B27A300DC0C55;
			remoteInfo = OffsiteTest;
		};
/* End PBXContainerItemProxy section */

/* Begin PBXFileReference section */
		27043512208B27A300DC0C55 /* OffsiteTest.app */ = {isa = PBXFileReference; explicitFileType = wrapper.application; includeInIndex = 0; path = OffsiteTest.app; sourceTree = BUILT_PRODUCTS_DIR; };
		27043515208B27A300DC0C55 /* AppDelegate.swift */ = {isa = PBXFileReference; lastKnownFileType = sourcecode.swift; path = AppDelegate.swift; sourceTree = "<group>"; };
		27043517208B27A300DC0C55 /* ViewController.swift */ = {isa = PBXFileReference; lastKnownFileType = sourcecode.swift; path = ViewController.swift; sourceTree = "<group>"; };
		2704351A208B27A300DC0C55 /* Base */ = {isa = PBXFileReference; lastKnownFileType = file.storyboard; name = Base; path = Base.lproj/Main.storyboard; sourceTree = "<group>"; };
		2704351C208B27A400DC0C55 /* Assets.xcassets */ = {isa = PBXFileReference; lastKnownFileType = folder.assetcatalog; path = Assets.xcassets; sourceTree = "<group>"; };
		2704351F208B27A400DC0C55 /* Base */ = {isa = PBXFileReference; lastKnownFileType = file.storyboard; name = Base; path = Base.lproj/LaunchScreen.storyboard; sourceTree = "<group>"; };
		27043521208B27A400DC0C55 /* Info.plist */ = {isa = PBXFileReference; lastKnownFileType = text.plist.xml; path = Info.plist; sourceTree = "<group>"; };
		27043526208B27A400DC0C55 /* OffsiteTestTests.xctest */ = {isa = PBXFileReference; explicitFileType = wrapper.cfbundle; includeInIndex = 0; path = OffsiteTestTests.xctest; sourceTree = BUILT_PRODUCTS_DIR; };
		2704352A208B27A400DC0C55 /* OffsiteTestTests.swift */ = {isa = PBXFileReference; lastKnownFileType = sourcecode.swift; path = OffsiteTestTests.swift; sourceTree = "<group>"; };
		2704352C208B27A400DC0C55 /* Info.plist */ = {isa = PBXFileReference; lastKnownFileType = text.plist.xml; path = Info.plist; sourceTree = "<group>"; };
		27043531208B27A400DC0C55 /* OffsiteTestUITests.xctest */ = {isa = PBXFileReference; explicitFileType = wrapper.cfbundle; includeInIndex = 0; path = OffsiteTestUITests.xctest; sourceTree = BUILT_PRODUCTS_DIR; };
		27043535208B27A400DC0C55 /* OffsiteTestUITests.swift */ = {isa = PBXFileReference; lastKnownFileType = sourcecode.swift; path = OffsiteTestUITests.swift; sourceTree = "<group>"; };
		27043537208B27A400DC0C55 /* Info.plist */ = {isa = PBXFileReference; lastKnownFileType = text.plist.xml; path = Info.plist; sourceTree = "<group>"; };
/* End PBXFileReference section */

/* Begin PBXFrameworksBuildPhase section */
		2704350F208B27A300DC0C55 /* Frameworks */ = {
			isa = PBXFrameworksBuildPhase;
			buildActionMask = 2147483647;
			files = (
			);
			runOnlyForDeploymentPostprocessing = 0;
		};
		27043523208B27A400DC0C55 /* Frameworks */ = {
			isa = PBXFrameworksBuildPhase;
			buildActionMask = 2147483647;
			files = (
			);
			runOnlyForDeploymentPostprocessing = 0;
		};
		2704352E208B27A400DC0C55 /* Frameworks */ = {
			isa = PBXFrameworksBuildPhase;
			buildActionMask = 2147483647;
			files = (
			);
			runOnlyForDeploymentPostprocessing = 0;
		};
/* End PBXFrameworksBuildPhase section */

/* Begin PBXGroup section */
		27043509208B27A300DC0C55 = {
			isa = PBXGroup;
			children = (
				27043514208B27A300DC0C55 /* OffsiteTest */,
				27043529208B27A400DC0C55 /* OffsiteTestTests */,
				27043534208B27A400DC0C55 /* OffsiteTestUITests */,
				27043513208B27A300DC0C55 /* Products */,
			);
			sourceTree = "<group>";
		};
		27043513208B27A300DC0C55 /* Products */ = {
			isa = PBXGroup;
			children = (
				27043512208B27A300DC0C55 /* OffsiteTest.app */,
				27043526208B27A400DC0C55 /* OffsiteTestTests.xctest */,
				27043531208B27A400DC0C55 /* OffsiteTestUITests.xctest */,
			);
			name = Products;
			sourceTree = "<group>";
		};
		27043514208B27A300DC0C55 /* OffsiteTest */ = {
			isa = PBXGroup;
			children = (
				27043515208B27A300DC0C55 /* AppDelegate.swift */,
				27043517208B27A300DC0C55 /* ViewController.swift */,
				27043519208B27A300DC0C55 /* Main.storyboard */,
				2704351C208B27A400DC0C55 /* Assets.xcassets */,
				2704351E208B27A400DC0C55 /* LaunchScreen.storyboard */,
				27043521208B27A400DC0C55 /* Info.plist */,
			);
			path = OffsiteTest;
			sourceTree = "<group>";
		};
		27043529208B27A400DC0C55 /* OffsiteTestTests */ = {
			isa = PBXGroup;
			children = (
				2704352A208B27A400DC0C55 /* OffsiteTestTests.swift */,
				2704352C208B27A400DC0C55 /* Info.plist */,
			);
			path = OffsiteTestTests;
			sourceTree = "<group>";
		};
		27043534208B27A400DC0C55 /* OffsiteTestUITests */ = {
			isa = PBXGroup;
			children = (
				27043535208B27A400DC0C55 /* OffsiteTestUITests.swift */,
				27043537208B27A400DC0C55 /* Info.plist */,
			);
			path = OffsiteTestUITests;
			sourceTree = "<group>";
		};
/* End PBXGroup section */

/* Begin PBXNativeTarget section */
		27043511208B27A300DC0C55 /* OffsiteTest */ = {
			isa = PBXNativeTarget;
			buildConfigurationList = 2704353A208B27A400DC0C55 /* Build configuration list for PBXNativeTarget "OffsiteTest" */;
			buildPhases = (
				2704350E208B27A300DC0C55 /* Sources */,
				2704350F208B27A300DC0C55 /* Frameworks */,
				27043510208B27A300DC0C55 /* Resources */,
			);
			buildRules = (
			);
			dependencies = (
			);
			name = OffsiteTest;
			productName = OffsiteTest;
			productReference = 27043512208B27A300DC0C55 /* OffsiteTest.app */;
			productType = "com.apple.product-type.application";
		};
		27043525208B27A400DC0C55 /* OffsiteTestTests */ = {
			isa = PBXNativeTarget;
			buildConfigurationList = 2704353D208B27A400DC0C55 /* Build configuration list for PBXNativeTarget "OffsiteTestTests" */;
			buildPhases = (
				27043522208B27A400DC0C55 /* Sources */,
				27043523208B27A400DC0C55 /* Frameworks */,
				27043524208B27A400DC0C55 /* Resources */,
			);
			buildRules = (
			);
			dependencies = (
				27043528208B27A400DC0C55 /* PBXTargetDependency */,
			);
			name = OffsiteTestTests;
			productName = OffsiteTestTests;
			productReference = 27043526208B27A400DC0C55 /* OffsiteTestTests.xctest */;
			productType = "com.apple.product-type.bundle.unit-test";
		};
		27043530208B27A400DC0C55 /* OffsiteTestUITests */ = {
			isa = PBXNativeTarget;
			buildConfigurationList = 27043540208B27A400DC0C55 /* Build configuration list for PBXNativeTarget "OffsiteTestUITests" */;
			buildPhases = (
				2704352D208B27A400DC0C55 /* Sources */,
				2704352E208B27A400DC0C55 /* Frameworks */,
				2704352F208B27A400DC0C55 /* Resources */,
			);
			buildRules = (
			);
			dependencies = (
				27043533208B27A400DC0C55 /* PBXTargetDependency */,
			);
			name = OffsiteTestUITests;
			productName = OffsiteTestUITests;
			productReference = 27043531208B27A400DC0C55 /* OffsiteTestUITests.xctest */;
			productType = "com.apple.product-type.bundle.ui-testing";
		};
/* End PBXNativeTarget section */

/* Begin PBXProject section */
		2704350A208B27A300DC0C55 /* Project object */ = {
			isa = PBXProject;
			attributes = {
				LastSwiftUpdateCheck = 0930;
				LastUpgradeCheck = 0930;
				ORGANIZATIONNAME = "Thomas Lam";
				TargetAttributes = {
					27043511208B27A300DC0C55 = {
						CreatedOnToolsVersion = 9.3;
					};
					27043525208B27A400DC0C55 = {
						CreatedOnToolsVersion = 9.3;
						TestTargetID = 27043511208B27A300DC0C55;
					};
					27043530208B27A400DC0C55 = {
						CreatedOnToolsVersion = 9.3;
						TestTargetID = 27043511208B27A300DC0C55;
					};
				};
			};
			buildConfigurationList = 2704350D208B27A300DC0C55 /* Build configuration list for PBXProject "OffsiteTest" */;
			compatibilityVersion = "Xcode 9.3";
			developmentRegion = en;
			hasScannedForEncodings = 0;
			knownRegions = (
				en,
				Base,
			);
			mainGroup = 27043509208B27A300DC0C55;
			productRefGroup = 27043513208B27A300DC0C55 /* Products */;
			projectDirPath = "";
			projectRoot = "";
			targets = (
				27043511208B27A300DC0C55 /* OffsiteTest */,
				27043525208B27A400DC0C55 /* OffsiteTestTests */,
				27043530208B27A400DC0C55 /* OffsiteTestUITests */,
			);
		};
/* End PBXProject section */

/* Begin PBXResourcesBuildPhase section */
		27043510208B27A300DC0C55 /* Resources */ = {
			isa = PBXResourcesBuildPhase;
			buildActionMask = 2147483647;
			files = (
				27043520208B27A400DC0C55 /* LaunchScreen.storyboard in Resources */,
				2704351D208B27A400DC0C55 /* Assets.xcassets in Resources */,
				2704351B208B27A300DC0C55 /* Main.storyboard in Resources */,
			);
			runOnlyForDeploymentPostprocessing = 0;
		};
		27043524208B27A400DC0C55 /* Resources */ = {
			isa = PBXResourcesBuildPhase;
			buildActionMask = 2147483647;
			files = (
			);
			runOnlyForDeploymentPostprocessing = 0;
		};
		2704352F208B27A400DC0C55 /* Resources */ = {
			isa = PBXResourcesBuildPhase;
			buildActionMask = 2147483647;
			files = (
			);
			runOnlyForDeploymentPostprocessing = 0;
		};
/* End PBXResourcesBuildPhase section */

/* Begin PBXSourcesBuildPhase section */
		2704350E208B27A300DC0C55 /* Sources */ = {
			isa = PBXSourcesBuildPhase;
			buildActionMask = 2147483647;
			files = (
				27043518208B27A300DC0C55 /* ViewController.swift in Sources */,
				27043516208B27A300DC0C55 /* AppDelegate.swift in Sources */,
			);
			runOnlyForDeploymentPostprocessing = 0;
		};
		27043522208B27A400DC0C55 /* Sources */ = {
			isa = PBXSourcesBuildPhase;
			buildActionMask = 2147483647;
			files = (
				2704352B208B27A400DC0C55 /* OffsiteTestTests.swift in Sources */,
			);
			runOnlyForDeploymentPostprocessing = 0;
		};
		2704352D208B27A400DC0C55 /* Sources */ = {
			isa = PBXSourcesBuildPhase;
			buildActionMask = 2147483647;
			files = (
				27043536208B27A400DC0C55 /* OffsiteTestUITests.swift in Sources */,
			);
			runOnlyForDeploymentPostprocessing = 0;
		};
/* End PBXSourcesBuildPhase section */

/* Begin PBXTargetDependency section */
		27043528208B27A400DC0C55 /* PBXTargetDependency */ = {
			isa = PBXTargetDependency;
			target = 27043511208B27A300DC0C55 /* OffsiteTest */;
			targetProxy = 27043527208B27A400DC0C55 /* PBXContainerItemProxy */;
		};
		27043533208B27A400DC0C55 /* PBXTargetDependency */ = {
			isa = PBXTargetDependency;
			target = 27043511208B27A300DC0C55 /* OffsiteTest */;
			targetProxy = 27043532208B27A400DC0C55 /* PBXContainerItemProxy */;
		};
/* End PBXTargetDependency section */

/* Begin PBXVariantGroup section */
		27043519208B27A300DC0C55 /* Main.storyboard */ = {
			isa = PBXVariantGroup;
			children = (
				2704351A208B27A300DC0C55 /* Base */,
			);
			name = Main.storyboard;
			sourceTree = "<group>";
		};
		2704351E208B27A400DC0C55 /* LaunchScreen.storyboard */ = {
			isa = PBXVariantGroup;
			children = (
				2704351F208B27A400DC0C55 /* Base */,
			);
			name = LaunchScreen.storyboard;
			sourceTree = "<group>";
		};
/* End PBXVariantGroup section */

/* Begin XCBuildConfiguration section */
		27043538208B27A400DC0C55 /* Debug */ = {
			isa = XCBuildConfiguration;
			buildSettings = {
				ALWAYS_SEARCH_USER_PATHS = NO;
				CLANG_ANALYZER_NONNULL = YES;
				CLANG_ANALYZER_NUMBER_OBJECT_CONVERSION = YES_AGGRESSIVE;
				CLANG_CXX_LANGUAGE_STANDARD = "gnu++14";
				CLANG_CXX_LIBRARY = "libc++";
				CLANG_ENABLE_MODULES = YES;
				CLANG_ENABLE_OBJC_ARC = YES;
				CLANG_ENABLE_OBJC_WEAK = YES;
				CLANG_WARN_BLOCK_CAPTURE_AUTORELEASING = YES;
				CLANG_WARN_BOOL_CONVERSION = YES;
				CLANG_WARN_COMMA = YES;
				CLANG_WARN_CONSTANT_CONVERSION = YES;
				CLANG_WARN_DEPRECATED_OBJC_IMPLEMENTATIONS = YES;
				CLANG_WARN_DIRECT_OBJC_ISA_USAGE = YES_ERROR;
				CLANG_WARN_DOCUMENTATION_COMMENTS = YES;
				CLANG_WARN_EMPTY_BODY = YES;
				CLANG_WARN_ENUM_CONVERSION = YES;
				CLANG_WARN_INFINITE_RECURSION = YES;
				CLANG_WARN_INT_CONVERSION = YES;
				CLANG_WARN_NON_LITERAL_NULL_CONVERSION = YES;
				CLANG_WARN_OBJC_IMPLICIT_RETAIN_SELF = YES;
				CLANG_WARN_OBJC_LITERAL_CONVERSION = YES;
				CLANG_WARN_OBJC_ROOT_CLASS = YES_ERROR;
				CLANG_WARN_RANGE_LOOP_ANALYSIS = YES;
				CLANG_WARN_STRICT_PROTOTYPES = YES;
				CLANG_WARN_SUSPICIOUS_MOVE = YES;
				CLANG_WARN_UNGUARDED_AVAILABILITY = YES_AGGRESSIVE;
				CLANG_WARN_UNREACHABLE_CODE = YES;
				CLANG_WARN__DUPLICATE_METHOD_MATCH = YES;
				CODE_SIGN_IDENTITY = "iPhone Developer";
				COPY_PHASE_STRIP = NO;
				DEBUG_INFORMATION_FORMAT = dwarf;
				ENABLE_STRICT_OBJC_MSGSEND = YES;
				ENABLE_TESTABILITY = YES;
				GCC_C_LANGUAGE_STANDARD = gnu11;
				GCC_DYNAMIC_NO_PIC = NO;
				GCC_NO_COMMON_BLOCKS = YES;
				GCC_OPTIMIZATION_LEVEL = 0;
				GCC_PREPROCESSOR_DEFINITIONS = (
					"DEBUG=1",
					"$(inherited)",
				);
				GCC_WARN_64_TO_32_BIT_CONVERSION = YES;
				GCC_WARN_ABOUT_RETURN_TYPE = YES_ERROR;
				GCC_WARN_UNDECLARED_SELECTOR = YES;
				GCC_WARN_UNINITIALIZED_AUTOS = YES_AGGRESSIVE;
				GCC_WARN_UNUSED_FUNCTION = YES;
				GCC_WARN_UNUSED_VARIABLE = YES;
				IPHONEOS_DEPLOYMENT_TARGET = 11.3;
				MTL_ENABLE_DEBUG_INFO = YES;
				ONLY_ACTIVE_ARCH = YES;
				SDKROOT = iphoneos;
				SWIFT_ACTIVE_COMPILATION_CONDITIONS = DEBUG;
				SWIFT_OPTIMIZATION_LEVEL = "-Onone";
			};
			name = Debug;
		};
		27043539208B27A400DC0C55 /* Release */ = {
			isa = XCBuildConfiguration;
			buildSettings = {
				ALWAYS_SEARCH_USER_PATHS = NO;
				CLANG_ANALYZER_NONNULL = YES;
				CLANG_ANALYZER_NUMBER_OBJECT_CONVERSION = YES_AGGRESSIVE;
				CLANG_CXX_LANGUAGE_STANDARD = "gnu++14";
				CLANG_CXX_LIBRARY = "libc++";
				CLANG_ENABLE_MODULES = YES;
				CLANG_ENABLE_OBJC_ARC = YES;
				CLANG_ENABLE_OBJC_WEAK = YES;
				CLANG_WARN_BLOCK_CAPTURE_AUTORELEASING = YES;
				CLANG_WARN_BOOL_CONVERSION = YES;
				CLANG_WARN_COMMA = YES;
				CLANG_WARN_CONSTANT_CONVERSION = YES;
				CLANG_WARN_DEPRECATED_OBJC_IMPLEMENTATIONS = YES;
				CLANG_WARN_DIRECT_OBJC_ISA_USAGE = YES_ERROR;
				CLANG_WARN_DOCUMENTATION_COMMENTS = YES;
				CLANG_WARN_EMPTY_BODY = YES;
				CLANG_WARN_ENUM_CONVERSION = YES;
				CLANG_WARN_INFINITE_RECURSION = YES;
				CLANG_WARN_INT_CONVERSION = YES;
				CLANG_WARN_NON_LITERAL_NULL_CONVERSION = YES;
				CLANG_WARN_OBJC_IMPLICIT_RETAIN_SELF = YES;
				CLANG_WARN_OBJC_LITERAL_CONVERSION = YES;
				CLANG_WARN_OBJC_ROOT_CLASS = YES_ERROR;
				CLANG_WARN_RANGE_LOOP_ANALYSIS = YES;
				CLANG_WARN_STRICT_PROTOTYPES = YES;
				CLANG_WARN_SUSPICIOUS_MOVE = YES;
				CLANG_WARN_UNGUARDED_AVAILABILITY = YES_AGGRESSIVE;
				CLANG_WARN_UNREACHABLE_CODE = YES;
				CLANG_WARN__DUPLICATE_METHOD_MATCH = YES;
				CODE_SIGN_IDENTITY = "iPhone Developer";
				COPY_PHASE_STRIP = NO;
				DEBUG_INFORMATION_FORMAT = "dwarf-with-dsym";
				ENABLE_NS_ASSERTIONS = NO;
				ENABLE_STRICT_OBJC_MSGSEND = YES;
				GCC_C_LANGUAGE_STANDARD = gnu11;
				GCC_NO_COMMON_BLOCKS = YES;
				GCC_WARN_64_TO_32_BIT_CONVERSION = YES;
				GCC_WARN_ABOUT_RETURN_TYPE = YES_ERROR;
				GCC_WARN_UNDECLARED_SELECTOR = YES;
				GCC_WARN_UNINITIALIZED_AUTOS = YES_AGGRESSIVE;
				GCC_WARN_UNUSED_FUNCTION = YES;
				GCC_WARN_UNUSED_VARIABLE = YES;
				IPHONEOS_DEPLOYMENT_TARGET = 11.3;
				MTL_ENABLE_DEBUG_INFO = NO;
				SDKROOT = iphoneos;
				SWIFT_COMPILATION_MODE = wholemodule;
				SWIFT_OPTIMIZATION_LEVEL = "-O";
				VALIDATE_PRODUCT = YES;
			};
			name = Release;
		};
		2704353B208B27A400DC0C55 /* Debug */ = {
			isa = XCBuildConfiguration;
			buildSettings = {
				ASSETCATALOG_COMPILER_APPICON_NAME = AppIcon;
				CODE_SIGN_STYLE = Automatic;
				INFOPLIST_FILE = OffsiteTest/Info.plist;
				LD_RUNPATH_SEARCH_PATHS = (
					"$(inherited)",
					"@executable_path/Frameworks",
				);
				PRODUCT_BUNDLE_IDENTIFIER = com.test.OffsiteTest;
				PRODUCT_NAME = "$(TARGET_NAME)";
				SWIFT_VERSION = 4.0;
				TARGETED_DEVICE_FAMILY = "1,2";
			};
			name = Debug;
		};
		2704353C208B27A400DC0C55 /* Release */ = {
			isa = XCBuildConfiguration;
			buildSettings = {
				ASSETCATALOG_COMPILER_APPICON_NAME = AppIcon;
				CODE_SIGN_STYLE = Automatic;
				INFOPLIST_FILE = OffsiteTest/Info.plist;
				LD_RUNPATH_SEARCH_PATHS = (
					"$(inherited)",
					"@executable_path/Frameworks",
				);
				PRODUCT_BUNDLE_IDENTIFIER = com.test.OffsiteTest;
				PRODUCT_NAME = "$(TARGET_NAME)";
				SWIFT_VERSION = 4.0;
				TARGETED_DEVICE_FAMILY = "1,2";
			};
			name = Release;
		};
		2704353E208B27A400DC0C55 /* Debug */ = {
			isa = XCBuildConfiguration;
			buildSettings = {
				ALWAYS_EMBED_SWIFT_STANDARD_LIBRARIES = YES;
				BUNDLE_LOADER = "$(TEST_HOST)";
				CODE_SIGN_STYLE = Automatic;
				INFOPLIST_FILE = OffsiteTestTests/Info.plist;
				LD_RUNPATH_SEARCH_PATHS = (
					"$(inherited)",
					"@executable_path/Frameworks",
					"@loader_path/Frameworks",
				);
				PRODUCT_BUNDLE_IDENTIFIER = com.test.OffsiteTestTests;
				PRODUCT_NAME = "$(TARGET_NAME)";
				SWIFT_VERSION = 4.0;
				TARGETED_DEVICE_FAMILY = "1,2";
				TEST_HOST = "$(BUILT_PRODUCTS_DIR)/OffsiteTest.app/OffsiteTest";
			};
			name = Debug;
		};
		2704353F208B27A400DC0C55 /* Release */ = {
			isa = XCBuildConfiguration;
			buildSettings = {
				ALWAYS_EMBED_SWIFT_STANDARD_LIBRARIES = YES;
				BUNDLE_LOADER = "$(TEST_HOST)";
				CODE_SIGN_STYLE = Automatic;
				INFOPLIST_FILE = OffsiteTestTests/Info.plist;
				LD_RUNPATH_SEARCH_PATHS = (
					"$(inherited)",
					"@executable_path/Frameworks",
					"@loader_path/Frameworks",
				);
				PRODUCT_BUNDLE_IDENTIFIER = com.test.OffsiteTestTests;
				PRODUCT_NAME = "$(TARGET_NAME)";
				SWIFT_VERSION = 4.0;
				TARGETED_DEVICE_FAMILY = "1,2";
				TEST_HOST = "$(BUILT_PRODUCTS_DIR)/OffsiteTest.app/OffsiteTest";
			};
			name = Release;
		};
		27043541208B27A400DC0C55 /* Debug */ = {
			isa = XCBuildConfiguration;
			buildSettings = {
				ALWAYS_EMBED_SWIFT_STANDARD_LIBRARIES = YES;
				CODE_SIGN_STYLE = Automatic;
				INFOPLIST_FILE = OffsiteTestUITests/Info.plist;
				LD_RUNPATH_SEARCH_PATHS = (
					"$(inherited)",
					"@executable_path/Frameworks",
					"@loader_path/Frameworks",
				);
				PRODUCT_BUNDLE_IDENTIFIER = com.test.OffsiteTestUITests;
				PRODUCT_NAME = "$(TARGET_NAME)";
				SWIFT_VERSION = 4.0;
				TARGETED_DEVICE_FAMILY = "1,2";
				TEST_TARGET_NAME = OffsiteTest;
			};
			name = Debug;
		};
		27043542208B27A400DC0C55 /* Release */ = {
			isa = XCBuildConfiguration;
			buildSettings = {
				ALWAYS_EMBED_SWIFT_STANDARD_LIBRARIES = YES;
				CODE_SIGN_STYLE = Automatic;
				INFOPLIST_FILE = OffsiteTestUITests/Info.plist;
				LD_RUNPATH_SEARCH_PATHS = (
					"$(inherited)",
					"@executable_path/Frameworks",
					"@loader_path/Frameworks",
				);
				PRODUCT_BUNDLE_IDENTIFIER = com.test.OffsiteTestUITests;
				PRODUCT_NAME = "$(TARGET_NAME)";
				SWIFT_VERSION = 4.0;
				TARGETED_DEVICE_FAMILY = "1,2";
				TEST_TARGET_NAME = OffsiteTest;
			};
			name = Release;
		};
/* End XCBuildConfiguration section */

/* Begin XCConfigurationList section */
		2704350D208B27A300DC0C55 /* Build configuration list for PBXProject "OffsiteTest" */ = {
			isa = XCConfigurationList;
			buildConfigurations = (
				27043538208B27A400DC0C55 /* Debug */,
				27043539208B27A400DC0C55 /* Release */,
			);
			defaultConfigurationIsVisible = 0;
			defaultConfigurationName = Release;
		};
		2704353A208B27A400DC0C55 /* Build configuration list for PBXNativeTarget "OffsiteTest" */ = {
			isa = XCConfigurationList;
			buildConfigurations = (
				2704353B208B27A400DC0C55 /* Debug */,
				2704353C208B27A400DC0C55 /* Release */,
			);
			defaultConfigurationIsVisible = 0;
			defaultConfigurationName = Release;
		};
		2704353D208B27A400DC0C55 /* Build configuration list for PBXNativeTarget "OffsiteTestTests" */ = {
			isa = XCConfigurationList;
			buildConfigurations = (
				2704353E208B27A400DC0C55 /* Debug */,
				2704353F208B27A400DC0C55 /* Release */,
			);
			defaultConfigurationIsVisible = 0;
			defaultConfigurationName = Release;
		};
		27043540208B27A400DC0C55 /* Build configuration list for PBXNativeTarget "OffsiteTestUITests" */ = {
			isa = XCConfigurationList;
			buildConfigurations = (
				27043541208B27A400DC0C55 /* Debug */,
				27043542208B27A400DC0C55 /* Release */,
			);
			defaultConfigurationIsVisible = 0;
			defaultConfigurationName = Release;
		};
/* End XCConfigurationList section */
	};
	rootObject = 2704350A208B27A300DC0C55 /* Project object */;
}
